<?xml version="1.0" encoding="utf-8"?>
<Project ToolsVersion="4.0" xmlns="http://schemas.microsoft.com/developer/msbuild/2003">
  <ItemGroup>
    <ClInclude Include="src\app.h" />
    <ClInclude Include="src\features\emoji_list.h" />
    <ClInclude Include="src\features\emoji_replace.h" />
    <ClInclude Include="src\framework.h" />
    <ClInclude Include="src\hooks\chat_hook.h" />
    <ClInclude Include="src\memory.h" />
    <ClInclude Include="src\offsets.h" />
    <ClInclude Include="src\pch.h" />
    <ClInclude Include="src\tmuf.h" />
    <ClInclude Include="third_party\MinHook.h" />
    <ClInclude Include="third_party\buffer.h" />
    <ClInclude Include="third_party\hde32.h" />
    <ClInclude Include="third_party\pstdint.h" />
    <ClInclude Include="third_party\table32.h" />
    <ClInclude Include="third_party\trampoline.h" />
    <ClInclude Include="src\features\chat_anim.h" />
    <ClInclude Include="src\debug\ordinal_test.h" />
    <ClInclude Include="src\ui\top_icon.h" />
    <ClInclude Include="src\ui\debug_file_log.h" />
  </ItemGroup>
  <ItemGroup>
    <ClCompile Include="src\app.cpp" />
    <ClCompile Include="src\dllmain.cpp" />
    <ClCompile Include="src\features\emoji_list.cpp" />
    <ClCompile Include="src\features\emoji_replace.cpp" />
    <ClCompile Include="src\hooks\chat_hook.cpp" />
    <ClCompile Include="src\pch.cpp" />
    <ClCompile Include="src\tmuf.cpp" />
    <ClCompile Include="third_party\buffer.c" />
    <ClCompile Include="third_party\hde32.c" />
    <ClCompile Include="third_party\hook.c" />
    <ClCompile Include="third_party\trampoline.c" />
    <ClCompile Include="src\features\chat_anim.cpp" />
    <ClCompile Include="src\debug\ordinal_test.cpp" />
    <ClCompile Include="src\ui\top_icon.cpp" />
    <ClCompile Include="src\ui\debug_file_log.cpp" />
  </ItemGroup>
</Project>